lockfileVersion: 5.4

specifiers:
  vuefire: ^3.1.0

dependencies:
  vuefire: 3.1.0

packages:

  /vue-demi/0.14.1:
    resolution: {integrity: sha512-rt+yuCtXvscYot9SQQj3WKZJVSriPNqVkpVBNEHPzSgBv7QIYzsS410VqVgvx8f9AAPgjg+XPKvmV3vOqqkJQQ==}
    engines: {node: '>=12'}
    hasBin: true
    requiresBuild: true
    peerDependencies:
      '@vue/composition-api': ^1.0.0-rc.1
      vue: ^3.0.0-0 || ^2.6.0
    peerDependenciesMeta:
      '@vue/composition-api':
        optional: true
    dev: false

  /vuefire/3.1.0:
    resolution: {integrity: sha512-iLY6GARr5la75tfxBZUm2zfbL6kQ11FWBUHClyfM602xgWskkBAIareGs3R4K2DC4QSWXslrYnteCyLlqouD8w==}
    peerDependencies:
      '@vue/composition-api': '*'
      firebase: ^9.0.0
      vue: ^2.7.0 || ^3.2.0
    peerDependenciesMeta:
      '@vue/composition-api':
        optional: true
      firebase:
        optional: true
    dependencies:
      vue-demi: 0.14.1
    dev: false
